<?xml version="1.0" encoding="utf-8"?>
<Project ToolsVersion="4.0" xmlns="http://schemas.microsoft.com/developer/msbuild/2003">
  <ItemGroup>
    <Filter Include="Source Files">
      <UniqueIdentifier>{4FC737F1-C7A5-4376-A066-2A32D752A2FF}</UniqueIdentifier>
      <Extensions>cpp;c;cc;cxx;def;odl;idl;hpj;bat;asm;asmx</Extensions>
    </Filter>
    <Filter Include="Header Files">
      <UniqueIdentifier>{93995380-89BD-4b04-88EB-625FBE52EBFB}</UniqueIdentifier>
      <Extensions>h;hh;hpp;hxx;hm;inl;inc;xsd</Extensions>
    </Filter>
    <Filter Include="Resource Files">
      <UniqueIdentifier>{67DA6AB6-F800-4c08-8B7A-83BB121AAD01}</UniqueIdentifier>
      <Extensions>rc;ico;cur;bmp;dlg;rc2;rct;bin;rgs;gif;jpg;jpeg;jpe;resx;tiff;tif;png;wav;mfcribbon-ms</Extensions>
    </Filter>
    <Filter Include="libs">
      <UniqueIdentifier>{469df607-e618-4177-a674-0cc2c384defb}</UniqueIdentifier>
    </Filter>
    <Filter Include="libs\libmsock">
      <UniqueIdentifier>{ddc64531-ce92-4758-8a94-fa83f5e23341}</UniqueIdentifier>
    </Filter>
    <Filter Include="libs\libmutils">
      <UniqueIdentifier>{2fedbeda-d833-44fc-bc0b-2729d43ed0be}</UniqueIdentifier>
    </Filter>
    <Filter Include="libs\libsll">
      <UniqueIdentifier>{200a2479-e616-462f-8884-cec5b41cb7f6}</UniqueIdentifier>
    </Filter>
  </ItemGroup>
  <ItemGroup>
    <ClInclude Include="copyright.h">
      <Filter>Source Files</Filter>
    </ClInclude>
    <ClInclude Include="mailsend.h">
      <Filter>Source Files</Filter>
    </ClInclude>
    <ClInclude Include="mime_types.h">
      <Filter>Source Files</Filter>
    </ClInclude>
    <ClInclude Include="libs\libmsock\msock.h">
      <Filter>libs\libmsock</Filter>
    </ClInclude>
    <ClInclude Include="libs\libmsock\werrno.h">
      <Filter>libs\libmsock</Filter>
    </ClInclude>
    <ClInclude Include="libs\libmutils\mutils.h">
      <Filter>libs\libmutils</Filter>
    </ClInclude>
    <ClInclude Include="libs\libsll\sll.h">
      <Filter>libs\libsll</Filter>
    </ClInclude>
  </ItemGroup>
  <ItemGroup>
    <ClCompile Include="examples.c">
      <Filter>Source Files</Filter>
    </ClCompile>
    <ClCompile Include="main.c">
      <Filter>Source Files</Filter>
    </ClCompile>
    <ClCompile Include="setget.c">
      <Filter>Source Files</Filter>
    </ClCompile>
    <ClCompile Include="smtp.c">
      <Filter>Source Files</Filter>
    </ClCompile>
    <ClCompile Include="utils.c">
      <Filter>Source Files</Filter>
    </ClCompile>
    <ClCompile Include="libs\libmsock\msock.c">
      <Filter>libs\libmsock</Filter>
    </ClCompile>
    <ClCompile Include="libs\libmutils\md5test.c">
      <Filter>libs\libmutils</Filter>
    </ClCompile>
    <ClCompile Include="libs\libmutils\mutils.c">
      <Filter>libs\libmutils</Filter>
    </ClCompile>
    <ClCompile Include="libs\libmutils\mutils_blob.c">
      <Filter>libs\libmutils</Filter>
    </ClCompile>
    <ClCompile Include="libs\libmutils\mutils_error.c">
      <Filter>libs\libmutils</Filter>
    </ClCompile>
    <ClCompile Include="libs\libmutils\mutils_mime.c">
      <Filter>libs\libmutils</Filter>
    </ClCompile>
    <ClCompile Include="libs\libmutils\mutils_temp.c">
      <Filter>libs\libmutils</Filter>
    </ClCompile>
    <ClCompile Include="libs\libmutils\mutils_time.c">
      <Filter>libs\libmutils</Filter>
    </ClCompile>
    <ClCompile Include="libs\libmutils\string.c">
      <Filter>libs\libmutils</Filter>
    </ClCompile>
    <ClCompile Include="libs\libmutils\test.c">
      <Filter>libs\libmutils</Filter>
    </ClCompile>
    <ClCompile Include="libs\libmutils\testb64.c">
      <Filter>libs\libmutils</Filter>
    </ClCompile>
    <ClCompile Include="libs\libsll\sll.c">
      <Filter>libs\libsll</Filter>
    </ClCompile>
  </ItemGroup>
  <ItemGroup>
    <None Include="Makefile.nmake">
      <Filter>Source Files</Filter>
    </None>
    <None Include="libs\libmsock\Makefile.nmake">
      <Filter>libs\libmsock</Filter>
    </None>
    <None Include="libs\libmutils\Makefile.nmake">
      <Filter>libs\libmutils</Filter>
    </None>
    <None Include="libs\libsll\Makefile.nmake">
      <Filter>libs\libsll</Filter>
    </None>
  </ItemGroup>
</Project>